
Microsoft Visual Studio Solution File, Format Version 12.00
# Visual Studio Version 17
VisualStudioVersion = 17.0.31903.59
MinimumVisualStudioVersion = 10.0.40219.1
Project("{9A19103F-16F7-4668-BE54-9A1E7A4F7556}") = "RedisCaching.Distributed", "Distributed\RedisCaching.Distributed\RedisCaching.Distributed.csproj", "{AE546C6A-ADA1-4FE9-B1AE-00A127985374}"
EndProject
Project("{9A19103F-16F7-4668-BE54-9A1E7A4F7556}") = "RedisCaching.InMemory", "InMemory\RedisCaching.InMemory\RedisCaching.InMemory.csproj", "{CAE291C1-9D7B-4421-A326-A429F8ABB5A9}"
EndProject
Project("{9A19103F-16F7-4668-BE54-9A1E7A4F7556}") = "RedisCaching.PubSub.Subscriber", "PubSub\RedisCaching.PubSub.Subscriber\RedisCaching.PubSub.Subscriber.csproj", "{172E488D-0808-4F83-B3B0-18D429EAA350}"
EndProject
Global
	GlobalSection(SolutionConfigurationPlatforms) = preSolution
		Debug|Any CPU = Debug|Any CPU
		Release|Any CPU = Release|Any CPU
	EndGlobalSection
	GlobalSection(ProjectConfigurationPlatforms) = postSolution
		{AE546C6A-ADA1-4FE9-B1AE-00A127985374}.Debug|Any CPU.ActiveCfg = Debug|Any CPU
		{AE546C6A-ADA1-4FE9-B1AE-00A127985374}.Debug|Any CPU.Build.0 = Debug|Any CPU
		{AE546C6A-ADA1-4FE9-B1AE-00A127985374}.Release|Any CPU.ActiveCfg = Release|Any CPU
		{AE546C6A-ADA1-4FE9-B1AE-00A127985374}.Release|Any CPU.Build.0 = Release|Any CPU
		{CAE291C1-9D7B-4421-A326-A429F8ABB5A9}.Debug|Any CPU.ActiveCfg = Debug|Any CPU
		{CAE291C1-9D7B-4421-A326-A429F8ABB5A9}.Debug|Any CPU.Build.0 = Debug|Any CPU
		{CAE291C1-9D7B-4421-A326-A429F8ABB5A9}.Release|Any CPU.ActiveCfg = Release|Any CPU
		{CAE291C1-9D7B-4421-A326-A429F8ABB5A9}.Release|Any CPU.Build.0 = Release|Any CPU
		{172E488D-0808-4F83-B3B0-18D429EAA350}.Debug|Any CPU.ActiveCfg = Debug|Any CPU
		{172E488D-0808-4F83-B3B0-18D429EAA350}.Debug|Any CPU.Build.0 = Debug|Any CPU
		{172E488D-0808-4F83-B3B0-18D429EAA350}.Release|Any CPU.ActiveCfg = Release|Any CPU
		{172E488D-0808-4F83-B3B0-18D429EAA350}.Release|Any CPU.Build.0 = Release|Any CPU
	EndGlobalSection
	GlobalSection(SolutionProperties) = preSolution
		HideSolutionNode = FALSE
	EndGlobalSection
	GlobalSection(ExtensibilityGlobals) = postSolution
		SolutionGuid = {923C7F01-9C2E-4ED4-B649-D0379150F5D1}
	EndGlobalSection
EndGlobal
